# THIS IS AN AUTOGENERATED FILE. DO NOT EDIT THIS FILE DIRECTLY.
# yarn lockfile v1
jquery:
  version "3.1.1"
  resolved "https://registry.yarnpkg.com/jquery/-/jquery-3.1.1.tgz#347c1c21c7e004115e0a4da32cece041fad3c8a3"

jquery-deferred@^0.3.0:
  version "0.3.1"
  resolved "https://registry.yarnpkg.com/jquery-deferred/-/jquery-deferred-0.3.1.tgz#596eca1caaff54f61b110962b23cafea74c35355"

lodash.defaultsdeep@^4.6.0:
  version "4.6.0"
  resolved "https://registry.yarnpkg.com/lodash.defaultsdeep/-/lodash.defaultsdeep-4.6.0.tgz#bec1024f85b1bd96cbea405b23c14ad6443a6f81"

najax:
  version "1.0.1"
  resolved "https://registry.yarnpkg.com/najax/-/najax-1.0.1.tgz#868054de164fdc6640e4eacc30c3b722c36d5f1e"
  dependencies:
    jquery-deferred "^0.3.0"
    lodash.defaultsdeep "^4.6.0"
    qs "^6.2.0"

qs@^6.2.0:
  version "6.3.1"
  resolved "https://registry.yarnpkg.com/qs/-/qs-6.3.1.tgz#918c0b3bcd36679772baf135b1acb4c1651ed79d"

xmlhttprequest:
  version "1.8.0"
  resolved "https://registry.yarnpkg.com/xmlhttprequest/-/xmlhttprequest-1.8.0.tgz#67fe075c5c24fef39f9d65f5f7b7fe75171968fc"

